{
  "lockfileVersion": 1,
  "configVersion": 1,
  "workspaces": {
    "": {
      "name": "worker-ai",
      "dependencies": {
        "@dbos-inc/dbos-sdk": "^4.6.11",
        "@sentry/bun": "^10.32.1",
        "date-fns-tz": "^3.2.0",
        "hono": "^4.10.8",
        "hono-rate-limiter": "^0.5.3",
        "zod": "^4.1.13",
      },
      "devDependencies": {
        "@types/bun": "latest",
      },
      "peerDependencies": {
        "typescript": "^5",
      },
    },
  },
  "packages": {
    "@apm-js-collab/code-transformer": ["@apm-js-collab/code-transformer@0.8.2", "", {}, "sha512-YRjJjNq5KFSjDUoqu5pFUWrrsvGOxl6c3bu+uMFc9HNNptZ2rNU/TI2nLw4jnhQNtka972Ee2m3uqbvDQtPeCA=="],

    "@apm-js-collab/tracing-hooks": ["@apm-js-collab/tracing-hooks@0.3.1", "", { "dependencies": { "@apm-js-collab/code-transformer": "^0.8.0", "debug": "^4.4.1", "module-details-from-path": "^1.0.4" } }, "sha512-Vu1CbmPURlN5fTboVuKMoJjbO5qcq9fA5YXpskx3dXe/zTBvjODFoerw+69rVBlRLrJpwPqSDqEuJDEKIrTldw=="],

    "@dbos-inc/dbos-sdk": ["@dbos-inc/dbos-sdk@4.6.11", "", { "dependencies": { "commander": "12.0.0", "pg": "8.11.3", "serialize-error": "8.1.0", "superjson": "^1.13.3", "ws": "^8.18.1", "yaml": "2.4.1" }, "bin": { "dbos": "dist/src/cli/cli.js", "dbos-sdk": "dist/src/cli/cli.js" } }, "sha512-mKj90eA7ATls+o11MxVzaMnOXlUQSR5QN04PKG9I7vufPV5mJsfSFpxahBBxQ2ANafRYhn0tNV15RqmgDh/K+g=="],

    "@opentelemetry/api": ["@opentelemetry/api@1.9.0", "", {}, "sha512-3giAOQvZiH5F9bMlMiv8+GSPMeqg0dbaeo58/0SlA9sxSqZhnUtxzX9/2FzyhS9sWQf5S0GJE0AKBrFqjpeYcg=="],

    "@opentelemetry/api-logs": ["@opentelemetry/api-logs@0.208.0", "", { "dependencies": { "@opentelemetry/api": "^1.3.0" } }, "sha512-CjruKY9V6NMssL/T1kAFgzosF1v9o6oeN+aX5JB/C/xPNtmgIJqcXHG7fA82Ou1zCpWGl4lROQUKwUNE1pMCyg=="],

    "@opentelemetry/context-async-hooks": ["@opentelemetry/context-async-hooks@2.3.0", "", { "peerDependencies": { "@opentelemetry/api": ">=1.0.0 <1.10.0" } }, "sha512-hGcsT0qDP7Il1L+qT3JFpiGl1dCjF794Bb4yCRCYdr7XC0NwHtOF3ngF86Gk6TUnsakbyQsDQ0E/S4CU0F4d4g=="],

    "@opentelemetry/core": ["@opentelemetry/core@2.3.0", "", { "dependencies": { "@opentelemetry/semantic-conventions": "^1.29.0" }, "peerDependencies": { "@opentelemetry/api": ">=1.0.0 <1.10.0" } }, "sha512-PcmxJQzs31cfD0R2dE91YGFcLxOSN4Bxz7gez5UwSUjCai8BwH/GI5HchfVshHkWdTkUs0qcaPJgVHKXUp7I3A=="],

    "@opentelemetry/instrumentation": ["@opentelemetry/instrumentation@0.208.0", "", { "dependencies": { "@opentelemetry/api-logs": "0.208.0", "import-in-the-middle": "^2.0.0", "require-in-the-middle": "^8.0.0" }, "peerDependencies": { "@opentelemetry/api": "^1.3.0" } }, "sha512-Eju0L4qWcQS+oXxi6pgh7zvE2byogAkcsVv0OjHF/97iOz1N/aKE6etSGowYkie+YA1uo6DNwdSxaaNnLvcRlA=="],

    "@opentelemetry/instrumentation-amqplib": ["@opentelemetry/instrumentation-amqplib@0.55.0", "", { "dependencies": { "@opentelemetry/core": "^2.0.0", "@opentelemetry/instrumentation": "^0.208.0" }, "peerDependencies": { "@opentelemetry/api": "^1.3.0" } }, "sha512-5ULoU8p+tWcQw5PDYZn8rySptGSLZHNX/7srqo2TioPnAAcvTy6sQFQXsNPrAnyRRtYGMetXVyZUy5OaX1+IfA=="],

    "@opentelemetry/instrumentation-connect": ["@opentelemetry/instrumentation-connect@0.52.0", "", { "dependencies": { "@opentelemetry/core": "^2.0.0", "@opentelemetry/instrumentation": "^0.208.0", "@opentelemetry/semantic-conventions": "^1.27.0", "@types/connect": "3.4.38" }, "peerDependencies": { "@opentelemetry/api": "^1.3.0" } }, "sha512-GXPxfNB5szMbV3I9b7kNWSmQBoBzw7MT0ui6iU/p+NIzVx3a06Ri2cdQO7tG9EKb4aKSLmfX9Cw5cKxXqX6Ohg=="],

    "@opentelemetry/instrumentation-dataloader": ["@opentelemetry/instrumentation-dataloader@0.26.0", "", { "dependencies": { "@opentelemetry/instrumentation": "^0.208.0" }, "peerDependencies": { "@opentelemetry/api": "^1.3.0" } }, "sha512-P2BgnFfTOarZ5OKPmYfbXfDFjQ4P9WkQ1Jji7yH5/WwB6Wm/knynAoA1rxbjWcDlYupFkyT0M1j6XLzDzy0aCA=="],

    "@opentelemetry/instrumentation-express": ["@opentelemetry/instrumentation-express@0.57.0", "", { "dependencies": { "@opentelemetry/core": "^2.0.0", "@opentelemetry/instrumentation": "^0.208.0", "@opentelemetry/semantic-conventions": "^1.27.0" }, "peerDependencies": { "@opentelemetry/api": "^1.3.0" } }, "sha512-HAdx/o58+8tSR5iW+ru4PHnEejyKrAy9fYFhlEI81o10nYxrGahnMAHWiSjhDC7UQSY3I4gjcPgSKQz4rm/asg=="],

    "@opentelemetry/instrumentation-fs": ["@opentelemetry/instrumentation-fs@0.28.0", "", { "dependencies": { "@opentelemetry/core": "^2.0.0", "@opentelemetry/instrumentation": "^0.208.0" }, "peerDependencies": { "@opentelemetry/api": "^1.3.0" } }, "sha512-FFvg8fq53RRXVBRHZViP+EMxMR03tqzEGpuq55lHNbVPyFklSVfQBN50syPhK5UYYwaStx0eyCtHtbRreusc5g=="],

    "@opentelemetry/instrumentation-generic-pool": ["@opentelemetry/instrumentation-generic-pool@0.52.0", "", { "dependencies": { "@opentelemetry/instrumentation": "^0.208.0" }, "peerDependencies": { "@opentelemetry/api": "^1.3.0" } }, "sha512-ISkNcv5CM2IwvsMVL31Tl61/p2Zm2I2NAsYq5SSBgOsOndT0TjnptjufYVScCnD5ZLD1tpl4T3GEYULLYOdIdQ=="],

    "@opentelemetry/instrumentation-graphql": ["@opentelemetry/instrumentation-graphql@0.56.0", "", { "dependencies": { "@opentelemetry/instrumentation": "^0.208.0" }, "peerDependencies": { "@opentelemetry/api": "^1.3.0" } }, "sha512-IPvNk8AFoVzTAM0Z399t34VDmGDgwT6rIqCUug8P9oAGerl2/PEIYMPOl/rerPGu+q8gSWdmbFSjgg7PDVRd3Q=="],

    "@opentelemetry/instrumentation-hapi": ["@opentelemetry/instrumentation-hapi@0.55.0", "", { "dependencies": { "@opentelemetry/core": "^2.0.0", "@opentelemetry/instrumentation": "^0.208.0", "@opentelemetry/semantic-conventions": "^1.27.0" }, "peerDependencies": { "@opentelemetry/api": "^1.3.0" } }, "sha512-prqAkRf9e4eEpy4G3UcR32prKE8NLNlA90TdEU1UsghOTg0jUvs40Jz8LQWFEs5NbLbXHYGzB4CYVkCI8eWEVQ=="],

    "@opentelemetry/instrumentation-http": ["@opentelemetry/instrumentation-http@0.208.0", "", { "dependencies": { "@opentelemetry/core": "2.2.0", "@opentelemetry/instrumentation": "0.208.0", "@opentelemetry/semantic-conventions": "^1.29.0", "forwarded-parse": "2.1.2" }, "peerDependencies": { "@opentelemetry/api": "^1.3.0" } }, "sha512-rhmK46DRWEbQQB77RxmVXGyjs6783crXCnFjYQj+4tDH/Kpv9Rbg3h2kaNyp5Vz2emF1f9HOQQvZoHzwMWOFZQ=="],

    "@opentelemetry/instrumentation-ioredis": ["@opentelemetry/instrumentation-ioredis@0.56.0", "", { "dependencies": { "@opentelemetry/instrumentation": "^0.208.0", "@opentelemetry/redis-common": "^0.38.2" }, "peerDependencies": { "@opentelemetry/api": "^1.3.0" } }, "sha512-XSWeqsd3rKSsT3WBz/JKJDcZD4QYElZEa0xVdX8f9dh4h4QgXhKRLorVsVkK3uXFbC2sZKAS2Ds+YolGwD83Dg=="],

    "@opentelemetry/instrumentation-kafkajs": ["@opentelemetry/instrumentation-kafkajs@0.18.0", "", { "dependencies": { "@opentelemetry/instrumentation": "^0.208.0", "@opentelemetry/semantic-conventions": "^1.30.0" }, "peerDependencies": { "@opentelemetry/api": "^1.3.0" } }, "sha512-KCL/1HnZN5zkUMgPyOxfGjLjbXjpd4odDToy+7c+UsthIzVLFf99LnfIBE8YSSrYE4+uS7OwJMhvhg3tWjqMBg=="],

    "@opentelemetry/instrumentation-knex": ["@opentelemetry/instrumentation-knex@0.53.0", "", { "dependencies": { "@opentelemetry/instrumentation": "^0.208.0", "@opentelemetry/semantic-conventions": "^1.33.1" }, "peerDependencies": { "@opentelemetry/api": "^1.3.0" } }, "sha512-xngn5cH2mVXFmiT1XfQ1aHqq1m4xb5wvU6j9lSgLlihJ1bXzsO543cpDwjrZm2nMrlpddBf55w8+bfS4qDh60g=="],

    "@opentelemetry/instrumentation-koa": ["@opentelemetry/instrumentation-koa@0.57.0", "", { "dependencies": { "@opentelemetry/core": "^2.0.0", "@opentelemetry/instrumentation": "^0.208.0", "@opentelemetry/semantic-conventions": "^1.36.0" }, "peerDependencies": { "@opentelemetry/api": "^1.9.0" } }, "sha512-3JS8PU/D5E3q295mwloU2v7c7/m+DyCqdu62BIzWt+3u9utjxC9QS7v6WmUNuoDN3RM+Q+D1Gpj13ERo+m7CGg=="],

    "@opentelemetry/instrumentation-lru-memoizer": ["@opentelemetry/instrumentation-lru-memoizer@0.53.0", "", { "dependencies": { "@opentelemetry/instrumentation": "^0.208.0" }, "peerDependencies": { "@opentelemetry/api": "^1.3.0" } }, "sha512-LDwWz5cPkWWr0HBIuZUjslyvijljTwmwiItpMTHujaULZCxcYE9eU44Qf/pbVC8TulT0IhZi+RoGvHKXvNhysw=="],

    "@opentelemetry/instrumentation-mongodb": ["@opentelemetry/instrumentation-mongodb@0.61.0", "", { "dependencies": { "@opentelemetry/instrumentation": "^0.208.0" }, "peerDependencies": { "@opentelemetry/api": "^1.3.0" } }, "sha512-OV3i2DSoY5M/pmLk+68xr5RvkHU8DRB3DKMzYJdwDdcxeLs62tLbkmRyqJZsYf3Ht7j11rq35pHOWLuLzXL7pQ=="],

    "@opentelemetry/instrumentation-mongoose": ["@opentelemetry/instrumentation-mongoose@0.55.0", "", { "dependencies": { "@opentelemetry/core": "^2.0.0", "@opentelemetry/instrumentation": "^0.208.0" }, "peerDependencies": { "@opentelemetry/api": "^1.3.0" } }, "sha512-5afj0HfF6aM6Nlqgu6/PPHFk8QBfIe3+zF9FGpX76jWPS0/dujoEYn82/XcLSaW5LPUDW8sni+YeK0vTBNri+w=="],

    "@opentelemetry/instrumentation-mysql": ["@opentelemetry/instrumentation-mysql@0.54.0", "", { "dependencies": { "@opentelemetry/instrumentation": "^0.208.0", "@types/mysql": "2.15.27" }, "peerDependencies": { "@opentelemetry/api": "^1.3.0" } }, "sha512-bqC1YhnwAeWmRzy1/Xf9cDqxNG2d/JDkaxnqF5N6iJKN1eVWI+vg7NfDkf52/Nggp3tl1jcC++ptC61BD6738A=="],

    "@opentelemetry/instrumentation-mysql2": ["@opentelemetry/instrumentation-mysql2@0.55.0", "", { "dependencies": { "@opentelemetry/instrumentation": "^0.208.0", "@opentelemetry/semantic-conventions": "^1.33.0", "@opentelemetry/sql-common": "^0.41.2" }, "peerDependencies": { "@opentelemetry/api": "^1.3.0" } }, "sha512-0cs8whQG55aIi20gnK8B7cco6OK6N+enNhW0p5284MvqJ5EPi+I1YlWsWXgzv/V2HFirEejkvKiI4Iw21OqDWg=="],

    "@opentelemetry/instrumentation-pg": ["@opentelemetry/instrumentation-pg@0.61.0", "", { "dependencies": { "@opentelemetry/core": "^2.0.0", "@opentelemetry/instrumentation": "^0.208.0", "@opentelemetry/semantic-conventions": "^1.34.0", "@opentelemetry/sql-common": "^0.41.2", "@types/pg": "8.15.6", "@types/pg-pool": "2.0.6" }, "peerDependencies": { "@opentelemetry/api": "^1.3.0" } }, "sha512-UeV7KeTnRSM7ECHa3YscoklhUtTQPs6V6qYpG283AB7xpnPGCUCUfECFT9jFg6/iZOQTt3FHkB1wGTJCNZEvPw=="],

    "@opentelemetry/instrumentation-redis": ["@opentelemetry/instrumentation-redis@0.57.0", "", { "dependencies": { "@opentelemetry/instrumentation": "^0.208.0", "@opentelemetry/redis-common": "^0.38.2", "@opentelemetry/semantic-conventions": "^1.27.0" }, "peerDependencies": { "@opentelemetry/api": "^1.3.0" } }, "sha512-bCxTHQFXzrU3eU1LZnOZQ3s5LURxQPDlU3/upBzlWY77qOI1GZuGofazj3jtzjctMJeBEJhNwIFEgRPBX1kp/Q=="],

    "@opentelemetry/instrumentation-tedious": ["@opentelemetry/instrumentation-tedious@0.27.0", "", { "dependencies": { "@opentelemetry/instrumentation": "^0.208.0", "@types/tedious": "^4.0.14" }, "peerDependencies": { "@opentelemetry/api": "^1.3.0" } }, "sha512-jRtyUJNZppPBjPae4ZjIQ2eqJbcRaRfJkr0lQLHFmOU/no5A6e9s1OHLd5XZyZoBJ/ymngZitanyRRA5cniseA=="],

    "@opentelemetry/instrumentation-undici": ["@opentelemetry/instrumentation-undici@0.19.0", "", { "dependencies": { "@opentelemetry/core": "^2.0.0", "@opentelemetry/instrumentation": "^0.208.0", "@opentelemetry/semantic-conventions": "^1.24.0" }, "peerDependencies": { "@opentelemetry/api": "^1.7.0" } }, "sha512-Pst/RhR61A2OoZQZkn6OLpdVpXp6qn3Y92wXa6umfJe9rV640r4bc6SWvw4pPN6DiQqPu2c8gnSSZPDtC6JlpQ=="],

    "@opentelemetry/redis-common": ["@opentelemetry/redis-common@0.38.2", "", {}, "sha512-1BCcU93iwSRZvDAgwUxC/DV4T/406SkMfxGqu5ojc3AvNI+I9GhV7v0J1HljsczuuhcnFLYqD5VmwVXfCGHzxA=="],

    "@opentelemetry/resources": ["@opentelemetry/resources@2.3.0", "", { "dependencies": { "@opentelemetry/core": "2.3.0", "@opentelemetry/semantic-conventions": "^1.29.0" }, "peerDependencies": { "@opentelemetry/api": ">=1.3.0 <1.10.0" } }, "sha512-shlr2l5g+87J8wqYlsLyaUsgKVRO7RtX70Ckd5CtDOWtImZgaUDmf4Z2ozuSKQLM2wPDR0TE/3bPVBNJtRm/cQ=="],

    "@opentelemetry/sdk-trace-base": ["@opentelemetry/sdk-trace-base@2.3.0", "", { "dependencies": { "@opentelemetry/core": "2.3.0", "@opentelemetry/resources": "2.3.0", "@opentelemetry/semantic-conventions": "^1.29.0" }, "peerDependencies": { "@opentelemetry/api": ">=1.3.0 <1.10.0" } }, "sha512-B0TQ2e9h0ETjpI+eGmCz8Ojb+lnYms0SE3jFwEKrN/PK4aSVHU28AAmnOoBmfub+I3jfgPwvDJgomBA5a7QehQ=="],

    "@opentelemetry/semantic-conventions": ["@opentelemetry/semantic-conventions@1.38.0", "", {}, "sha512-kocjix+/sSggfJhwXqClZ3i9Y/MI0fp7b+g7kCRm6psy2dsf8uApTRclwG18h8Avm7C9+fnt+O36PspJ/OzoWg=="],

    "@opentelemetry/sql-common": ["@opentelemetry/sql-common@0.41.2", "", { "dependencies": { "@opentelemetry/core": "^2.0.0" }, "peerDependencies": { "@opentelemetry/api": "^1.1.0" } }, "sha512-4mhWm3Z8z+i508zQJ7r6Xi7y4mmoJpdvH0fZPFRkWrdp5fq7hhZ2HhYokEOLkfqSMgPR4Z9EyB3DBkbKGOqZiQ=="],

    "@prisma/instrumentation": ["@prisma/instrumentation@6.19.0", "", { "dependencies": { "@opentelemetry/instrumentation": ">=0.52.0 <1" }, "peerDependencies": { "@opentelemetry/api": "^1.8" } }, "sha512-QcuYy25pkXM8BJ37wVFBO7Zh34nyRV1GOb2n3lPkkbRYfl4hWl3PTcImP41P0KrzVXfa/45p6eVCos27x3exIg=="],

    "@sentry/bun": ["@sentry/bun@10.32.1", "", { "dependencies": { "@sentry/core": "10.32.1", "@sentry/node": "10.32.1" } }, "sha512-Ksfl+HemrWkVShGX2UU7QUXMp3apgjNWR6NxDroHvdbEKfvdfEWJ+fcK/i/xtd4z5lfUt66C1OCJLivQf/gj4Q=="],

    "@sentry/core": ["@sentry/core@10.32.1", "", {}, "sha512-PH2ldpSJlhqsMj2vCTyU0BI2Fx1oIDhm7Izo5xFALvjVCS0gmlqHt1udu6YlKn8BtpGH6bGzssvv5APrk+OdPQ=="],

    "@sentry/node": ["@sentry/node@10.32.1", "", { "dependencies": { "@opentelemetry/api": "^1.9.0", "@opentelemetry/context-async-hooks": "^2.2.0", "@opentelemetry/core": "^2.2.0", "@opentelemetry/instrumentation": "^0.208.0", "@opentelemetry/instrumentation-amqplib": "0.55.0", "@opentelemetry/instrumentation-connect": "0.52.0", "@opentelemetry/instrumentation-dataloader": "0.26.0", "@opentelemetry/instrumentation-express": "0.57.0", "@opentelemetry/instrumentation-fs": "0.28.0", "@opentelemetry/instrumentation-generic-pool": "0.52.0", "@opentelemetry/instrumentation-graphql": "0.56.0", "@opentelemetry/instrumentation-hapi": "0.55.0", "@opentelemetry/instrumentation-http": "0.208.0", "@opentelemetry/instrumentation-ioredis": "0.56.0", "@opentelemetry/instrumentation-kafkajs": "0.18.0", "@opentelemetry/instrumentation-knex": "0.53.0", "@opentelemetry/instrumentation-koa": "0.57.0", "@opentelemetry/instrumentation-lru-memoizer": "0.53.0", "@opentelemetry/instrumentation-mongodb": "0.61.0", "@opentelemetry/instrumentation-mongoose": "0.55.0", "@opentelemetry/instrumentation-mysql": "0.54.0", "@opentelemetry/instrumentation-mysql2": "0.55.0", "@opentelemetry/instrumentation-pg": "0.61.0", "@opentelemetry/instrumentation-redis": "0.57.0", "@opentelemetry/instrumentation-tedious": "0.27.0", "@opentelemetry/instrumentation-undici": "0.19.0", "@opentelemetry/resources": "^2.2.0", "@opentelemetry/sdk-trace-base": "^2.2.0", "@opentelemetry/semantic-conventions": "^1.37.0", "@prisma/instrumentation": "6.19.0", "@sentry/core": "10.32.1", "@sentry/node-core": "10.32.1", "@sentry/opentelemetry": "10.32.1", "import-in-the-middle": "^2", "minimatch": "^9.0.0" } }, "sha512-oxlybzt8QW0lx/QaEj1DcvZDRXkgouewFelu/10dyUwv5So3YvipfvWInda+yMLmn25OggbloDQ0gyScA2jU3g=="],

    "@sentry/node-core": ["@sentry/node-core@10.32.1", "", { "dependencies": { "@apm-js-collab/tracing-hooks": "^0.3.1", "@sentry/core": "10.32.1", "@sentry/opentelemetry": "10.32.1", "import-in-the-middle": "^2" }, "peerDependencies": { "@opentelemetry/api": "^1.9.0", "@opentelemetry/context-async-hooks": "^1.30.1 || ^2.1.0 || ^2.2.0", "@opentelemetry/core": "^1.30.1 || ^2.1.0 || ^2.2.0", "@opentelemetry/instrumentation": ">=0.57.1 <1", "@opentelemetry/resources": "^1.30.1 || ^2.1.0 || ^2.2.0", "@opentelemetry/sdk-trace-base": "^1.30.1 || ^2.1.0 || ^2.2.0", "@opentelemetry/semantic-conventions": "^1.37.0" } }, "sha512-w56rxdBanBKc832zuwnE+zNzUQ19fPxfHEtOhK8JGPu3aSwQYcIxwz9z52lOx3HN7k/8Fj5694qlT3x/PokhRw=="],

    "@sentry/opentelemetry": ["@sentry/opentelemetry@10.32.1", "", { "dependencies": { "@sentry/core": "10.32.1" }, "peerDependencies": { "@opentelemetry/api": "^1.9.0", "@opentelemetry/context-async-hooks": "^1.30.1 || ^2.1.0 || ^2.2.0", "@opentelemetry/core": "^1.30.1 || ^2.1.0 || ^2.2.0", "@opentelemetry/sdk-trace-base": "^1.30.1 || ^2.1.0 || ^2.2.0", "@opentelemetry/semantic-conventions": "^1.37.0" } }, "sha512-YLssSz5Y+qPvufrh2cDaTXDoXU8aceOhB+YTjT8/DLF6SOj7Tzen52aAcjNaifawaxEsLCC8O+B+A2iA+BllvA=="],

    "@types/bun": ["@types/bun@1.3.4", "", { "dependencies": { "bun-types": "1.3.4" } }, "sha512-EEPTKXHP+zKGPkhRLv+HI0UEX8/o+65hqARxLy8Ov5rIxMBPNTjeZww00CIihrIQGEQBYg+0roO5qOnS/7boGA=="],

    "@types/connect": ["@types/connect@3.4.38", "", { "dependencies": { "@types/node": "*" } }, "sha512-K6uROf1LD88uDQqJCktA4yzL1YYAK6NgfsI0v/mTgyPKWsX1CnJ0XPSDhViejru1GcRkLWb8RlzFYJRqGUbaug=="],

    "@types/mysql": ["@types/mysql@2.15.27", "", { "dependencies": { "@types/node": "*" } }, "sha512-YfWiV16IY0OeBfBCk8+hXKmdTKrKlwKN1MNKAPBu5JYxLwBEZl7QzeEpGnlZb3VMGJrrGmB84gXiH+ofs/TezA=="],

    "@types/node": ["@types/node@25.0.0", "", { "dependencies": { "undici-types": "~7.16.0" } }, "sha512-rl78HwuZlaDIUSeUKkmogkhebA+8K1Hy7tddZuJ3D0xV8pZSfsYGTsliGUol1JPzu9EKnTxPC4L1fiWouStRew=="],

    "@types/pg": ["@types/pg@8.15.6", "", { "dependencies": { "@types/node": "*", "pg-protocol": "*", "pg-types": "^2.2.0" } }, "sha512-NoaMtzhxOrubeL/7UZuNTrejB4MPAJ0RpxZqXQf2qXuVlTPuG6Y8p4u9dKRaue4yjmC7ZhzVO2/Yyyn25znrPQ=="],

    "@types/pg-pool": ["@types/pg-pool@2.0.6", "", { "dependencies": { "@types/pg": "*" } }, "sha512-TaAUE5rq2VQYxab5Ts7WZhKNmuN78Q6PiFonTDdpbx8a1H0M1vhy3rhiMjl+e2iHmogyMw7jZF4FrE6eJUy5HQ=="],

    "@types/tedious": ["@types/tedious@4.0.14", "", { "dependencies": { "@types/node": "*" } }, "sha512-KHPsfX/FoVbUGbyYvk1q9MMQHLPeRZhRJZdO45Q4YjvFkv4hMNghCWTvy7rdKessBsmtz4euWCWAB6/tVpI1Iw=="],

    "acorn": ["acorn@8.15.0", "", { "bin": { "acorn": "bin/acorn" } }, "sha512-NZyJarBfL7nWwIq+FDL6Zp/yHEhePMNnnJ0y3qfieCrmNvYct8uvtiV41UvlSe6apAfk0fY1FbWx+NwfmpvtTg=="],

    "acorn-import-attributes": ["acorn-import-attributes@1.9.5", "", { "peerDependencies": { "acorn": "^8" } }, "sha512-n02Vykv5uA3eHGM/Z2dQrcD56kL8TyDb2p1+0P83PClMnC/nc+anbQRhIOWnSq4Ke/KvDPrY3C9hDtC/A3eHnQ=="],

    "balanced-match": ["balanced-match@1.0.2", "", {}, "sha512-3oSeUO0TMV67hN1AmbXsK4yaqU7tjiHlbxRDZOpH0KW9+CeX4bRAaX0Anxt0tx2MrpRpWwQaPwIlISEJhYU5Pw=="],

    "brace-expansion": ["brace-expansion@2.0.2", "", { "dependencies": { "balanced-match": "^1.0.0" } }, "sha512-Jt0vHyM+jmUBqojB7E1NIYadt0vI0Qxjxd2TErW94wDz+E2LAm5vKMXXwg6ZZBTHPuUlDgQHKXvjGBdfcF1ZDQ=="],

    "buffer-writer": ["buffer-writer@2.0.0", "", {}, "sha512-a7ZpuTZU1TRtnwyCNW3I5dc0wWNC3VR9S++Ewyk2HHZdrO3CQJqSpd+95Us590V6AL7JqUAH2IwZ/398PmNFgw=="],

    "bun-types": ["bun-types@1.3.4", "", { "dependencies": { "@types/node": "*" } }, "sha512-5ua817+BZPZOlNaRgGBpZJOSAQ9RQ17pkwPD0yR7CfJg+r8DgIILByFifDTa+IPDDxzf5VNhtNlcKqFzDgJvlQ=="],

    "cjs-module-lexer": ["cjs-module-lexer@1.4.3", "", {}, "sha512-9z8TZaGM1pfswYeXrUpzPrkx8UnWYdhJclsiYMm6x/w5+nN+8Tf/LnAgfLGQCm59qAOxU8WwHEq2vNwF6i4j+Q=="],

    "commander": ["commander@12.0.0", "", {}, "sha512-MwVNWlYjDTtOjX5PiD7o5pK0UrFU/OYgcJfjjK4RaHZETNtjJqrZa9Y9ds88+A+f+d5lv+561eZ+yCKoS3gbAA=="],

    "copy-anything": ["copy-anything@3.0.5", "", { "dependencies": { "is-what": "^4.1.8" } }, "sha512-yCEafptTtb4bk7GLEQoM8KVJpxAfdBJYaXyzQEgQQQgYrZiDp8SJmGKlYza6CYjEDNstAdNdKA3UuoULlEbS6w=="],

    "date-fns": ["date-fns@4.1.0", "", {}, "sha512-Ukq0owbQXxa/U3EGtsdVBkR1w7KOQ5gIBqdH2hkvknzZPYvBxb/aa6E8L7tmjFtkwZBu3UXBbjIgPo/Ez4xaNg=="],

    "date-fns-tz": ["date-fns-tz@3.2.0", "", { "peerDependencies": { "date-fns": "^3.0.0 || ^4.0.0" } }, "sha512-sg8HqoTEulcbbbVXeg84u5UnlsQa8GS5QXMqjjYIhS4abEVVKIUwe0/l/UhrZdKaL/W5eWZNlbTeEIiOXTcsBQ=="],

    "debug": ["debug@4.4.3", "", { "dependencies": { "ms": "^2.1.3" } }, "sha512-RGwwWnwQvkVfavKVt22FGLw+xYSdzARwm0ru6DhTVA3umU5hZc28V3kO4stgYryrTlLpuvgI9GiijltAjNbcqA=="],

    "forwarded-parse": ["forwarded-parse@2.1.2", "", {}, "sha512-alTFZZQDKMporBH77856pXgzhEzaUVmLCDk+egLgIgHst3Tpndzz8MnKe+GzRJRfvVdn69HhpW7cmXzvtLvJAw=="],

    "hono": ["hono@4.10.8", "", {}, "sha512-DDT0A0r6wzhe8zCGoYOmMeuGu3dyTAE40HHjwUsWFTEy5WxK1x2WDSsBPlEXgPbRIFY6miDualuUDbasPogIww=="],

    "hono-rate-limiter": ["hono-rate-limiter@0.5.3", "", { "peerDependencies": { "hono": "^4.10.8", "unstorage": "^1.17.3" }, "optionalPeers": ["unstorage"] }, "sha512-M0DxbVMpPELEzLi0AJg1XyBHLGJXz7GySjsPoK+gc5YeeBsdGDGe+2RvVuCAv8ydINiwlbxqYMNxUEyYfRji/A=="],

    "import-in-the-middle": ["import-in-the-middle@2.0.1", "", { "dependencies": { "acorn": "^8.14.0", "acorn-import-attributes": "^1.9.5", "cjs-module-lexer": "^1.2.2", "module-details-from-path": "^1.0.3" } }, "sha512-bruMpJ7xz+9jwGzrwEhWgvRrlKRYCRDBrfU+ur3FcasYXLJDxTruJ//8g2Noj+QFyRBeqbpj8Bhn4Fbw6HjvhA=="],

    "is-what": ["is-what@4.1.16", "", {}, "sha512-ZhMwEosbFJkA0YhFnNDgTM4ZxDRsS6HqTo7qsZM08fehyRYIYa0yHu5R6mgo1n/8MgaPBXiPimPD77baVFYg+A=="],

    "minimatch": ["minimatch@9.0.5", "", { "dependencies": { "brace-expansion": "^2.0.1" } }, "sha512-G6T0ZX48xgozx7587koeX9Ys2NYy6Gmv//P89sEte9V9whIapMNF4idKxnW2QtCcLiTWlb/wfCabAtAFWhhBow=="],

    "module-details-from-path": ["module-details-from-path@1.0.4", "", {}, "sha512-EGWKgxALGMgzvxYF1UyGTy0HXX/2vHLkw6+NvDKW2jypWbHpjQuj4UMcqQWXHERJhVGKikolT06G3bcKe4fi7w=="],

    "ms": ["ms@2.1.3", "", {}, "sha512-6FlzubTLZG3J2a/NVCAleEhjzq5oxgHyaCU9yYXvcLsvoVaHJq/s5xXI6/XXP6tz7R9xAOtHnSO/tXtF3WRTlA=="],

    "packet-reader": ["packet-reader@1.0.0", "", {}, "sha512-HAKu/fG3HpHFO0AA8WE8q2g+gBJaZ9MG7fcKk+IJPLTGAD6Psw4443l+9DGRbOIh3/aXr7Phy0TjilYivJo5XQ=="],

    "pg": ["pg@8.11.3", "", { "dependencies": { "buffer-writer": "2.0.0", "packet-reader": "1.0.0", "pg-connection-string": "^2.6.2", "pg-pool": "^3.6.1", "pg-protocol": "^1.6.0", "pg-types": "^2.1.0", "pgpass": "1.x" }, "optionalDependencies": { "pg-cloudflare": "^1.1.1" }, "peerDependencies": { "pg-native": ">=3.0.1" }, "optionalPeers": ["pg-native"] }, "sha512-+9iuvG8QfaaUrrph+kpF24cXkH1YOOUeArRNYIxq1viYHZagBxrTno7cecY1Fa44tJeZvaoG+Djpkc3JwehN5g=="],

    "pg-cloudflare": ["pg-cloudflare@1.2.7", "", {}, "sha512-YgCtzMH0ptvZJslLM1ffsY4EuGaU0cx4XSdXLRFae8bPP4dS5xL1tNB3k2o/N64cHJpwU7dxKli/nZ2lUa5fLg=="],

    "pg-connection-string": ["pg-connection-string@2.9.1", "", {}, "sha512-nkc6NpDcvPVpZXxrreI/FOtX3XemeLl8E0qFr6F2Lrm/I8WOnaWNhIPK2Z7OHpw7gh5XJThi6j6ppgNoaT1w4w=="],

    "pg-int8": ["pg-int8@1.0.1", "", {}, "sha512-WCtabS6t3c8SkpDBUlb1kjOs7l66xsGdKpIPZsg4wR+B3+u9UAum2odSsF9tnvxg80h4ZxLWMy4pRjOsFIqQpw=="],

    "pg-pool": ["pg-pool@3.10.1", "", { "peerDependencies": { "pg": ">=8.0" } }, "sha512-Tu8jMlcX+9d8+QVzKIvM/uJtp07PKr82IUOYEphaWcoBhIYkoHpLXN3qO59nAI11ripznDsEzEv8nUxBVWajGg=="],

    "pg-protocol": ["pg-protocol@1.10.3", "", {}, "sha512-6DIBgBQaTKDJyxnXaLiLR8wBpQQcGWuAESkRBX/t6OwA8YsqP+iVSiond2EDy6Y/dsGk8rh/jtax3js5NeV7JQ=="],

    "pg-types": ["pg-types@2.2.0", "", { "dependencies": { "pg-int8": "1.0.1", "postgres-array": "~2.0.0", "postgres-bytea": "~1.0.0", "postgres-date": "~1.0.4", "postgres-interval": "^1.1.0" } }, "sha512-qTAAlrEsl8s4OiEQY69wDvcMIdQN6wdz5ojQiOy6YRMuynxenON0O5oCpJI6lshc6scgAY8qvJ2On/p+CXY0GA=="],

    "pgpass": ["pgpass@1.0.5", "", { "dependencies": { "split2": "^4.1.0" } }, "sha512-FdW9r/jQZhSeohs1Z3sI1yxFQNFvMcnmfuj4WBMUTxOrAyLMaTcE1aAMBiTlbMNaXvBCQuVi0R7hd8udDSP7ug=="],

    "postgres-array": ["postgres-array@2.0.0", "", {}, "sha512-VpZrUqU5A69eQyW2c5CA1jtLecCsN2U/bD6VilrFDWq5+5UIEVO7nazS3TEcHf1zuPYO/sqGvUvW62g86RXZuA=="],

    "postgres-bytea": ["postgres-bytea@1.0.1", "", {}, "sha512-5+5HqXnsZPE65IJZSMkZtURARZelel2oXUEO8rH83VS/hxH5vv1uHquPg5wZs8yMAfdv971IU+kcPUczi7NVBQ=="],

    "postgres-date": ["postgres-date@1.0.7", "", {}, "sha512-suDmjLVQg78nMK2UZ454hAG+OAW+HQPZ6n++TNDUX+L0+uUlLywnoxJKDou51Zm+zTCjrCl0Nq6J9C5hP9vK/Q=="],

    "postgres-interval": ["postgres-interval@1.2.0", "", { "dependencies": { "xtend": "^4.0.0" } }, "sha512-9ZhXKM/rw350N1ovuWHbGxnGh/SNJ4cnxHiM0rxE4VN41wsg8P8zWn9hv/buK00RP4WvlOyr/RBDiptyxVbkZQ=="],

    "require-in-the-middle": ["require-in-the-middle@8.0.1", "", { "dependencies": { "debug": "^4.3.5", "module-details-from-path": "^1.0.3" } }, "sha512-QT7FVMXfWOYFbeRBF6nu+I6tr2Tf3u0q8RIEjNob/heKY/nh7drD/k7eeMFmSQgnTtCzLDcCu/XEnpW2wk4xCQ=="],

    "serialize-error": ["serialize-error@8.1.0", "", { "dependencies": { "type-fest": "^0.20.2" } }, "sha512-3NnuWfM6vBYoy5gZFvHiYsVbafvI9vZv/+jlIigFn4oP4zjNPK3LhcY0xSCgeb1a5L8jO71Mit9LlNoi2UfDDQ=="],

    "split2": ["split2@4.2.0", "", {}, "sha512-UcjcJOWknrNkF6PLX83qcHM6KHgVKNkV62Y8a5uYDVv9ydGQVwAHMKqHdJje1VTWpljG0WYpCDhrCdAOYH4TWg=="],

    "superjson": ["superjson@1.13.3", "", { "dependencies": { "copy-anything": "^3.0.2" } }, "sha512-mJiVjfd2vokfDxsQPOwJ/PtanO87LhpYY88ubI5dUB1Ab58Txbyje3+jpm+/83R/fevaq/107NNhtYBLuoTrFg=="],

    "type-fest": ["type-fest@0.20.2", "", {}, "sha512-Ne+eE4r0/iWnpAxD852z3A+N0Bt5RN//NjJwRd2VFHEmrywxf5vsZlh4R6lixl6B+wz/8d+maTSAkN1FIkI3LQ=="],

    "typescript": ["typescript@5.9.3", "", { "bin": { "tsc": "bin/tsc", "tsserver": "bin/tsserver" } }, "sha512-jl1vZzPDinLr9eUt3J/t7V6FgNEw9QjvBPdysz9KfQDD41fQrC2Y4vKQdiaUpFT4bXlb1RHhLpp8wtm6M5TgSw=="],

    "undici-types": ["undici-types@7.16.0", "", {}, "sha512-Zz+aZWSj8LE6zoxD+xrjh4VfkIG8Ya6LvYkZqtUQGJPZjYl53ypCaUwWqo7eI0x66KBGeRo+mlBEkMSeSZ38Nw=="],

    "ws": ["ws@8.19.0", "", { "peerDependencies": { "bufferutil": "^4.0.1", "utf-8-validate": ">=5.0.2" }, "optionalPeers": ["bufferutil", "utf-8-validate"] }, "sha512-blAT2mjOEIi0ZzruJfIhb3nps74PRWTCz1IjglWEEpQl5XS/UNama6u2/rjFkDDouqr4L67ry+1aGIALViWjDg=="],

    "xtend": ["xtend@4.0.2", "", {}, "sha512-LKYU1iAXJXUgAXn9URjiu+MWhyUXHsvfp7mcuYm9dSUKK0/CjtrUwFAxD82/mCWbtLsGjFIad0wIsod4zrTAEQ=="],

    "yaml": ["yaml@2.4.1", "", { "bin": { "yaml": "bin.mjs" } }, "sha512-pIXzoImaqmfOrL7teGUBt/T7ZDnyeGBWyXQBvOVhLkWLN37GXv8NMLK406UY6dS51JfcQHsmcW5cJ441bHg6Lg=="],

    "zod": ["zod@4.1.13", "", {}, "sha512-AvvthqfqrAhNH9dnfmrfKzX5upOdjUVJYFqNSlkmGf64gRaTzlPwz99IHYnVs28qYAybvAlBV+H7pn0saFY4Ig=="],

    "@opentelemetry/instrumentation-http/@opentelemetry/core": ["@opentelemetry/core@2.2.0", "", { "dependencies": { "@opentelemetry/semantic-conventions": "^1.29.0" }, "peerDependencies": { "@opentelemetry/api": ">=1.0.0 <1.10.0" } }, "sha512-FuabnnUm8LflnieVxs6eP7Z383hgQU4W1e3KJS6aOG3RxWxcHyBxH8fDMHNgu/gFx/M2jvTOW/4/PHhLz6bjWw=="],
  }
}
